<Solution>
  <Configurations>
    <Platform Name="x64" />
    <Platform Name="x86" />
  </Configurations>
  <Folder Name="/Solution Items/">
    <File Path=".editorconfig" />
  </Folder>
  <Project Path="OSRTracker.Bus/OSRTracker.Bus.csproj" Id="20e2e780-5a3b-4e98-b897-fb83007406b9" />
  <Project Path="OSRTracker.Core.UnitTests/OSRTracker.Core.UnitTests.csproj" Id="0a1ae3c1-28c2-4673-ac31-6e470d2633bd" />
  <Project Path="OSRTracker.Core/OSRTracker.Core.csproj" Id="62440612-6620-4219-a651-d512523df5e2" />
  <Project Path="OSRTracker.Data/OSRTracker.Data.csproj" Id="1a05097b-d390-469c-8b31-6772abb3f9bb" />
  <Project Path="OSRTracker.EfHost/OSRTracker.EfHost.csproj" Id="54b47ed6-3400-423e-ad22-da9a18a0bf76" />
  <Project Path="OSRTracker/OSRTracker.csproj" Id="330dad77-e4e7-4778-b8ff-9f56a316f3d0">
    <Platform Solution="*|x64" Project="x64" />
    <Platform Solution="*|x86" Project="x86" />
    <Deploy Solution="Debug|x86" />
  </Project>
  <Project Path="WinUIEx.Generators.Test/WinUIEx.Generators.Test.csproj" Id="fe5ac85f-7ccb-4a6c-809d-c7f9b238c7b3">
    <Build Solution="Debug|x86" Project="false" />
  </Project>
  <Project Path="WinUIEx.Generators/WinUIEx.Generators.csproj" Id="8ce46e10-5cc1-4eed-b50c-1531cef45434" />
</Solution>
